// !$*UTF8*$!
{
	archiveVersion = 1;
	classes = {
	};
	objectVersion = 46;
	objects = {

/* Begin PBXBuildFile section */
		002D9B192D277D558CE9476D /* EventCalendarView.swift in Sources */ = {isa = PBXBuildFile; fileRef = 6A676C4293AA3B69D508C043 /* EventCalendarView.swift */; };
		01B5506241CD665AA24987A1 /* EditorialShellView.swift in Sources */ = {isa = PBXBuildFile; fileRef = 6D90DD58C1632A8EFF6E58B4 /* EditorialShellView.swift */; };
		0230A2C296F5A62FFF9D81CA /* OnboardingView.swift in Sources */ = {isa = PBXBuildFile; fileRef = FCCB83BACE20BFA18754F8CC /* OnboardingView.swift */; };
		045D860A89CA9FD32670D810 /* RootTabView.swift in Sources */ = {isa = PBXBuildFile; fileRef = 05DC5ECF729EB72DB12F6688 /* RootTabView.swift */; };
		04C6E089A80BC1361FBD3D2C /* EntityDetailView.swift in Sources */ = {isa = PBXBuildFile; fileRef = 1D8A809073F789F06C6C6BF4 /* EntityDetailView.swift */; };
		0DA83318BB13ABFC9D2E4B4B /* ProfileAvatarEditor.swift in Sources */ = {isa = PBXBuildFile; fileRef = 088E6E3E3DB5D01A4F141C29 /* ProfileAvatarEditor.swift */; };
		0F1EE08F781A2B1DE9A5E5E7 /* NotificationSettingsView.swift in Sources */ = {isa = PBXBuildFile; fileRef = 131FD9A0731BB28EB6AB89D0 /* NotificationSettingsView.swift */; };
		0F93C5C1018A8C652777E3F8 /* OnboardingStepScaffold.swift in Sources */ = {isa = PBXBuildFile; fileRef = 813179CC0FC90E6430231634 /* OnboardingStepScaffold.swift */; };
		0FF267F64B731F12FF3F9DE1 /* HomeView.swift in Sources */ = {isa = PBXBuildFile; fileRef = 2C5CDE647689CA7BF42406DB /* HomeView.swift */; };
		10E2CC2B9D27C76007B23F90 /* HomeViewModel.swift in Sources */ = {isa = PBXBuildFile; fileRef = 477B16AFACFFF29B634D5BE8 /* HomeViewModel.swift */; };
		15C025A269273DD8349F5CCE /* OnboardingSummaryView.swift in Sources */ = {isa = PBXBuildFile; fileRef = 194E16284D4D65F4083C8EE8 /* OnboardingSummaryView.swift */; };
		1C8CE751837AA2E33C393DD2 /* CollectionDetailView.swift in Sources */ = {isa = PBXBuildFile; fileRef = 4280EB4681C561509A1DB422 /* CollectionDetailView.swift */; };
		1D3AD578B11D30FE43143D73 /* SignUpStepView.swift in Sources */ = {isa = PBXBuildFile; fileRef = 7979A171E4AD2581E1C09CC9 /* SignUpStepView.swift */; };
		212E6140B9C16631BC65017C /* LocationStepView.swift in Sources */ = {isa = PBXBuildFile; fileRef = D8630B7168FC048BDCCAAC42 /* LocationStepView.swift */; };
		27B8B42A880CD884C24A2676 /* EditorialCreateVenueView.swift in Sources */ = {isa = PBXBuildFile; fileRef = E1593B76145B092692DD1CBD /* EditorialCreateVenueView.swift */; };
		2B45FC38B9BCA055727B7728 /* ReportContentSheet.swift in Sources */ = {isa = PBXBuildFile; fileRef = 086A011575429B0604FEB5F4 /* ReportContentSheet.swift */; };
		2C2C7C896C3A9E899DEE080F /* GlassIconButton.swift in Sources */ = {isa = PBXBuildFile; fileRef = EEC79E273D60FF54962B5195 /* GlassIconButton.swift */; };
		372009210B184B04EF690F2D /* VenueMapView.swift in Sources */ = {isa = PBXBuildFile; fileRef = 56D8CFF8A5FEBFDF8B153796 /* VenueMapView.swift */; };
		3939F722611471FEE9F68B51 /* LocationRequester.swift in Sources */ = {isa = PBXBuildFile; fileRef = E70B547833A257AFDF2B8133 /* LocationRequester.swift */; };
		3E36730B6763D54B71783C4D /* SupabaseRESTClient.swift in Sources */ = {isa = PBXBuildFile; fileRef = 232AE0D38538C54CEE8DCC6E /* SupabaseRESTClient.swift */; };
		3FE9B06B7C7EE06A9006571F /* EditorialRepositoryDeleteTests.swift in Sources */ = {isa = PBXBuildFile; fileRef = 5CF01B7A359172A5C864D358 /* EditorialRepositoryDeleteTests.swift */; };
		40D66189DDA48953842C263F /* EditorialEventsListView.swift in Sources */ = {isa = PBXBuildFile; fileRef = 35D7FEC2E700301106419F88 /* EditorialEventsListView.swift */; };
		413DD8211BF9E9B689D742C3 /* ConcertEventTests.swift in Sources */ = {isa = PBXBuildFile; fileRef = 147824A44887030E199C6E6B /* ConcertEventTests.swift */; };
		414459BDF08ABB70F67F60F0 /* ProfileView.swift in Sources */ = {isa = PBXBuildFile; fileRef = 9FE05713FC999668CB8B426D /* ProfileView.swift */; };
		45B71A86DC3121D4F1F47BBB /* BiometricAuth.swift in Sources */ = {isa = PBXBuildFile; fileRef = 6A935D2055794CFB7F689D79 /* BiometricAuth.swift */; };
		45C9B36BBB6E76FB8ABA61CB /* InterestsStepView.swift in Sources */ = {isa = PBXBuildFile; fileRef = 175A00087278975F5A5ED265 /* InterestsStepView.swift */; };
		46030FA497EEF633AC0F803B /* EditorialEntityEditorView.swift in Sources */ = {isa = PBXBuildFile; fileRef = 1DF3B72F8E7A14809DEBB07E /* EditorialEntityEditorView.swift */; };
		4AC20CB207993EA0FC3EFC03 /* CroppedAsyncImage.swift in Sources */ = {isa = PBXBuildFile; fileRef = B70A706CC74DB5CCC21CA5FD /* CroppedAsyncImage.swift */; };
		4BA5CC1991CC59B8BC42C331 /* AuthSession.swift in Sources */ = {isa = PBXBuildFile; fileRef = 10DAB137CAC6CC324518F512 /* AuthSession.swift */; };
		4BBD447656FD34063D85B7A0 /* KlangradarTheme.swift in Sources */ = {isa = PBXBuildFile; fileRef = 073C92282327AAFFA9F0F599 /* KlangradarTheme.swift */; };
		504A9F08DAB3A164B9D4AFBF /* EditorialAIAssistantView.swift in Sources */ = {isa = PBXBuildFile; fileRef = 15F600A795758F45B94F5CF1 /* EditorialAIAssistantView.swift */; };
		520A3127AFE8E1C725E551A1 /* VenueLocationTests.swift in Sources */ = {isa = PBXBuildFile; fileRef = F6BBA118008EE2A893C90DF6 /* VenueLocationTests.swift */; };
		5644EAC3E8495C1B81798224 /* HomeCache.swift in Sources */ = {isa = PBXBuildFile; fileRef = ED9EF7623B0DE673815DEF17 /* HomeCache.swift */; };
		56EFEAD543C431E0F00349DA /* EventCard.swift in Sources */ = {isa = PBXBuildFile; fileRef = F0AA9C0DFAAF05607D3493C6 /* EventCard.swift */; };
		5BB03500BA6ED61061F75CAF /* EditorialProgramOCRTests.swift in Sources */ = {isa = PBXBuildFile; fileRef = A72FE14C6D32264E8915B490 /* EditorialProgramOCRTests.swift */; };
		5ECE4CB12178DB4B4BE5249C /* EditorialGlobalToolbar.swift in Sources */ = {isa = PBXBuildFile; fileRef = AA83CC41FB514D14BB0B73E3 /* EditorialGlobalToolbar.swift */; };
		62F01A0E133C798AE8DB7F0E /* EditorialDocumentScanner.swift in Sources */ = {isa = PBXBuildFile; fileRef = 2F507FEA03509153A6A25732 /* EditorialDocumentScanner.swift */; };
		6382247DD7B5215C66B6FC9B /* VenueLocation.swift in Sources */ = {isa = PBXBuildFile; fileRef = 5921FEEB46780409DB44FABC /* VenueLocation.swift */; };
		656C2EC212E84872D5B054FB /* AuthService.swift in Sources */ = {isa = PBXBuildFile; fileRef = F64FBB5C682E783B39E536CA /* AuthService.swift */; };
		67A14A36DF8D088D4312FB7B /* EditorialRepository.swift in Sources */ = {isa = PBXBuildFile; fileRef = C7C2B6580DD8A7599673EAA2 /* EditorialRepository.swift */; };
		68CB15660063F4BDF71B6C30 /* EventRepository.swift in Sources */ = {isa = PBXBuildFile; fileRef = 5FF51C3A9351A6F70DA28DE8 /* EventRepository.swift */; };
		69371CDB2962B9D033C63DED /* EditorialEventEditorView.swift in Sources */ = {isa = PBXBuildFile; fileRef = 4C513C2135A01744E785BDC9 /* EditorialEventEditorView.swift */; };
		6A4311BDEA85E169F49C8268 /* ContentRepository.swift in Sources */ = {isa = PBXBuildFile; fileRef = 1FF778F58CFCAF43B5CBFA06 /* ContentRepository.swift */; };
		6BC1F52274D9D849BAA927CB /* RecentlyEditedStore.swift in Sources */ = {isa = PBXBuildFile; fileRef = 5F66C02B373411456F384424 /* RecentlyEditedStore.swift */; };
		6C4F0A491ADDF4F368D43934 /* EventDetailView.swift in Sources */ = {isa = PBXBuildFile; fileRef = F1FE219C377F383FB1F0E784 /* EventDetailView.swift */; };
		6D279CC5DBD904BA45E08F6C /* EditorialProgramScanView.swift in Sources */ = {isa = PBXBuildFile; fileRef = 16E45D672880F164CBFB1B83 /* EditorialProgramScanView.swift */; };
		6DD6F8F12E9CA31D04140218 /* PersonalDataStepView.swift in Sources */ = {isa = PBXBuildFile; fileRef = 2A65858B79E4711A1218848A /* PersonalDataStepView.swift */; };
		7267988CE4C92A116D250B6B /* ImageCache.swift in Sources */ = {isa = PBXBuildFile; fileRef = 1DB659480FE7BFE10853C772 /* ImageCache.swift */; };
		751F44D6B65E88413536E8AD /* InterestsView.swift in Sources */ = {isa = PBXBuildFile; fileRef = 9A2DD3CB0B74FBCA24EB7897 /* InterestsView.swift */; };
		752084E1B6A504FDBF0F4F24 /* PasswordLoginView.swift in Sources */ = {isa = PBXBuildFile; fileRef = 0927DF11C0F88D2695365932 /* PasswordLoginView.swift */; };
		783A8F3651AB5EE4FA21606B /* WelcomeStepView.swift in Sources */ = {isa = PBXBuildFile; fileRef = 583CCB277018E354046DDFD3 /* WelcomeStepView.swift */; };
		7AABCF9584E2AEBC6EC9C49D /* EventArtwork.swift in Sources */ = {isa = PBXBuildFile; fileRef = 14B5F5A3F7BEDD3C52A40960 /* EventArtwork.swift */; };
		84C8041B21BA9C439E837D89 /* EditorialImageCropView.swift in Sources */ = {isa = PBXBuildFile; fileRef = D33DA386ADB709677E5432A1 /* EditorialImageCropView.swift */; };
		8ABAD4AFC750C10B533C44F2 /* VerifyEmailStepView.swift in Sources */ = {isa = PBXBuildFile; fileRef = 932486A01DC0FF0E4406A037 /* VerifyEmailStepView.swift */; };
		8ADBE9E022618D832CAC03A8 /* UserRepository.swift in Sources */ = {isa = PBXBuildFile; fileRef = 7337787CE80D879F2FEDA463 /* UserRepository.swift */; };
		8BB81BD347F7E82812C641F5 /* NotificationsStepView.swift in Sources */ = {isa = PBXBuildFile; fileRef = 208C05E0AC6E47DC8FCF7804 /* NotificationsStepView.swift */; };
		96714A10277708CF70F59984 /* EditorialQuickFixView.swift in Sources */ = {isa = PBXBuildFile; fileRef = 1AFAB496EC1201C96A12DDDE /* EditorialQuickFixView.swift */; };
		9C5950D1FC04048166AA3B94 /* EditorialCropMathTests.swift in Sources */ = {isa = PBXBuildFile; fileRef = 04C3F6764151461DAE542186 /* EditorialCropMathTests.swift */; };
		9CECBFCD79638E57AB26183D /* LiquidGlassSurface.swift in Sources */ = {isa = PBXBuildFile; fileRef = 29EBD91EA7408D7B83A4C8FF /* LiquidGlassSurface.swift */; };
		A02911E4FA6023A79D97CA24 /* GenreFilterRouter.swift in Sources */ = {isa = PBXBuildFile; fileRef = E20B8E773C98FBD9C17CA93E /* GenreFilterRouter.swift */; };
		A3359E53F665AAB2CCBB6E6C /* EditorialMoreView.swift in Sources */ = {isa = PBXBuildFile; fileRef = 2877CF9EB67833FA0A0B7175 /* EditorialMoreView.swift */; };
		A57F97976B48D91418E76EB9 /* FavoritesCache.swift in Sources */ = {isa = PBXBuildFile; fileRef = B27C4750E0EB6DB56D1BFCD3 /* FavoritesCache.swift */; };
		AFE981FD42244FF0263D851D /* EditorialSearchView.swift in Sources */ = {isa = PBXBuildFile; fileRef = BE7B34CA27B552BF1D5E7846 /* EditorialSearchView.swift */; };
		B02570A829C95B4EBCCB4E65 /* EditorialImagePickerButtons.swift in Sources */ = {isa = PBXBuildFile; fileRef = 131A4DACB480C78A13789367 /* EditorialImagePickerButtons.swift */; };
		B0988931CD9B86A25FC2929B /* ContentModels.swift in Sources */ = {isa = PBXBuildFile; fileRef = 43704E31B1C8F7EB2AA203E5 /* ContentModels.swift */; };
		B50BD7721304FC1F63F0975F /* Foundation.framework in Frameworks */ = {isa = PBXBuildFile; fileRef = 41B34C233EAD8866BDFF8326 /* Foundation.framework */; };
		B8108C679B140B7772E508F9 /* ConcertEvent.swift in Sources */ = {isa = PBXBuildFile; fileRef = FFD408CAA2151BD1A8FE0EB0 /* ConcertEvent.swift */; };
		B9955019B53076A3A60398AF /* KeychainStore.swift in Sources */ = {isa = PBXBuildFile; fileRef = 9257B088FDBAD6E12E3E0E82 /* KeychainStore.swift */; };
		BB30CE438FD5FA468703B6A5 /* APIConfiguration.swift in Sources */ = {isa = PBXBuildFile; fileRef = D3C7C943A6D650CC0B92AA1D /* APIConfiguration.swift */; };
		C01EE0ADFB2CB9B3BB99A71F /* ImpressumView.swift in Sources */ = {isa = PBXBuildFile; fileRef = 0E4318AF746DCCF01AFA1E7D /* ImpressumView.swift */; };
		C169AC50A6802D9698E4F2D0 /* SampleData.swift in Sources */ = {isa = PBXBuildFile; fileRef = C2E9EA625611EE1155663B59 /* SampleData.swift */; };
		C17D8248353756B3D3C1FD46 /* HTTPClient.swift in Sources */ = {isa = PBXBuildFile; fileRef = C840DB73FE12048085590B47 /* HTTPClient.swift */; };
		CA377949E110A44987BB1E5C /* EditorialProgramOCR.swift in Sources */ = {isa = PBXBuildFile; fileRef = A99A14977E05129EE5B4C12C /* EditorialProgramOCR.swift */; };
		CC5CE61A1B5DF575141296FB /* EditorialDashboardView.swift in Sources */ = {isa = PBXBuildFile; fileRef = F914E3485597E36EAEF024BB /* EditorialDashboardView.swift */; };
		D2946634EF3D9115FC4F1B4F /* AuthStore.swift in Sources */ = {isa = PBXBuildFile; fileRef = F55A23A136B6433AE0B25FBC /* AuthStore.swift */; };
		D2C0397CB4A703E6C9F979C2 /* EditorialTodayView.swift in Sources */ = {isa = PBXBuildFile; fileRef = B27DB0B9B7A8E55A23576E92 /* EditorialTodayView.swift */; };
		D966726D65DF5B1C56D715D1 /* ForgotPasswordView.swift in Sources */ = {isa = PBXBuildFile; fileRef = 7C8BD0E90CB93D99FE973D8E /* ForgotPasswordView.swift */; };
		D9A1B8C9989465397CC252AA /* EditorialMediaTabView.swift in Sources */ = {isa = PBXBuildFile; fileRef = 5CF75AF45E88A6CE12625807 /* EditorialMediaTabView.swift */; };
		DC70CC4B024154FF91A9D591 /* AppEnvironment.swift in Sources */ = {isa = PBXBuildFile; fileRef = 7F460F3F53BF39C6D76F9666 /* AppEnvironment.swift */; };
		DDC3DDD04AB3391B7D6F1F56 /* KlangradarNativeApp.swift in Sources */ = {isa = PBXBuildFile; fileRef = D0DA944702C6E9E2630F8D07 /* KlangradarNativeApp.swift */; };
		DE78455B466CA4AB5E72873D /* EditorialLocationSearch.swift in Sources */ = {isa = PBXBuildFile; fileRef = 7C6108DE0AADDA8249806DC7 /* EditorialLocationSearch.swift */; };
		E5FED137788F3698F28B71A8 /* MarketingHomeScreenView.swift in Sources */ = {isa = PBXBuildFile; fileRef = 1818A01B388681A970220C25 /* MarketingHomeScreenView.swift */; };
		E6A825F29EEEF030B229BD40 /* EditorialCreateEntityView.swift in Sources */ = {isa = PBXBuildFile; fileRef = D135BAECD9FBEFC556DC9178 /* EditorialCreateEntityView.swift */; };
		F20FD70731DF412466FF0533 /* CachedAsyncImage.swift in Sources */ = {isa = PBXBuildFile; fileRef = F9D883BCEA37B54BCE25FE8C /* CachedAsyncImage.swift */; };
		F69D11E74E6805866F779BBB /* JSONValue.swift in Sources */ = {isa = PBXBuildFile; fileRef = 5E4AD1B8C91F4E8766A34BEA /* JSONValue.swift */; };
		F71388685A66DB20669B9117 /* Foundation.framework in Frameworks */ = {isa = PBXBuildFile; fileRef = 41B34C233EAD8866BDFF8326 /* Foundation.framework */; };
		F7B233A3A16FED4A25958E2E /* EditorialSharedViews.swift in Sources */ = {isa = PBXBuildFile; fileRef = 2902A42C0B1164A2FC71B000 /* EditorialSharedViews.swift */; };
		F8D1A6AEE914F20EE6C66747 /* Assets.xcassets in Resources */ = {isa = PBXBuildFile; fileRef = FC671833F9321D8558A00C44 /* Assets.xcassets */; };
		F9B3769A05D287A5BCED8AAE /* EditorialReportsTabView.swift in Sources */ = {isa = PBXBuildFile; fileRef = 93ED80B4B71D307F48E35B9A /* EditorialReportsTabView.swift */; };
		F9E271B75B416145FAB20D06 /* SearchView.swift in Sources */ = {isa = PBXBuildFile; fileRef = CFB1D17B659E78350883F31C /* SearchView.swift */; };
		FBD13D25E2427B799B959944 /* EditorialGalleryEditor.swift in Sources */ = {isa = PBXBuildFile; fileRef = F9912D4C4E4250CCDE84D8F7 /* EditorialGalleryEditor.swift */; };
/* End PBXBuildFile section */

/* Begin PBXContainerItemProxy section */
		A696B1FB20F9E8FBC4AFEAE1 /* PBXContainerItemProxy */ = {
			isa = PBXContainerItemProxy;
			containerPortal = 59C3ED3B4DBCEC48DBC8FE4E /* Project object */;
			proxyType = 1;
			remoteGlobalIDString = CDEFB69C56AB25A23198F785;
			remoteInfo = KlangradarNative;
		};
/* End PBXContainerItemProxy section */

/* Begin PBXFileReference section */
		04C3F6764151461DAE542186 /* EditorialCropMathTests.swift */ = {isa = PBXFileReference; includeInIndex = 1; lastKnownFileType = sourcecode.swift; name = EditorialCropMathTests.swift; path = KlangradarNativeTests/EditorialCropMathTests.swift; sourceTree = "<group>"; };
		05DC5ECF729EB72DB12F6688 /* RootTabView.swift */ = {isa = PBXFileReference; includeInIndex = 1; lastKnownFileType = sourcecode.swift; name = RootTabView.swift; path = KlangradarNative/App/RootTabView.swift; sourceTree = "<group>"; };
		073C92282327AAFFA9F0F599 /* KlangradarTheme.swift */ = {isa = PBXFileReference; includeInIndex = 1; lastKnownFileType = sourcecode.swift; name = KlangradarTheme.swift; path = KlangradarNative/DesignSystem/KlangradarTheme.swift; sourceTree = "<group>"; };
		086A011575429B0604FEB5F4 /* ReportContentSheet.swift */ = {isa = PBXFileReference; includeInIndex = 1; lastKnownFileType = sourcecode.swift; name = ReportContentSheet.swift; path = KlangradarNative/Features/Shared/ReportContentSheet.swift; sourceTree = "<group>"; };
		088E6E3E3DB5D01A4F141C29 /* ProfileAvatarEditor.swift */ = {isa = PBXFileReference; includeInIndex = 1; lastKnownFileType = sourcecode.swift; name = ProfileAvatarEditor.swift; path = KlangradarNative/Features/Profile/ProfileAvatarEditor.swift; sourceTree = "<group>"; };
		0927DF11C0F88D2695365932 /* PasswordLoginView.swift */ = {isa = PBXFileReference; includeInIndex = 1; lastKnownFileType = sourcecode.swift; name = PasswordLoginView.swift; path = KlangradarNative/Features/Onboarding/PasswordLoginView.swift; sourceTree = "<group>"; };
		0E4318AF746DCCF01AFA1E7D /* ImpressumView.swift */ = {isa = PBXFileReference; includeInIndex = 1; lastKnownFileType = sourcecode.swift; name = ImpressumView.swift; path = KlangradarNative/Features/Profile/ImpressumView.swift; sourceTree = "<group>"; };
		10DAB137CAC6CC324518F512 /* AuthSession.swift */ = {isa = PBXFileReference; includeInIndex = 1; lastKnownFileType = sourcecode.swift; name = AuthSession.swift; path = KlangradarNative/Core/Authentication/AuthSession.swift; sourceTree = "<group>"; };
		131A4DACB480C78A13789367 /* EditorialImagePickerButtons.swift */ = {isa = PBXFileReference; includeInIndex = 1; lastKnownFileType = sourcecode.swift; name = EditorialImagePickerButtons.swift; path = KlangradarNative/Features/Editorial/Media/EditorialImagePickerButtons.swift; sourceTree = "<group>"; };
		131FD9A0731BB28EB6AB89D0 /* NotificationSettingsView.swift */ = {isa = PBXFileReference; includeInIndex = 1; lastKnownFileType = sourcecode.swift; name = NotificationSettingsView.swift; path = KlangradarNative/Features/Profile/NotificationSettingsView.swift; sourceTree = "<group>"; };
		147824A44887030E199C6E6B /* ConcertEventTests.swift */ = {isa = PBXFileReference; includeInIndex = 1; lastKnownFileType = sourcecode.swift; name = ConcertEventTests.swift; path = KlangradarNativeTests/ConcertEventTests.swift; sourceTree = "<group>"; };
		14B5F5A3F7BEDD3C52A40960 /* EventArtwork.swift */ = {isa = PBXFileReference; includeInIndex = 1; lastKnownFileType = sourcecode.swift; name = EventArtwork.swift; path = KlangradarNative/DesignSystem/Components/EventArtwork.swift; sourceTree = "<group>"; };
		15F600A795758F45B94F5CF1 /* EditorialAIAssistantView.swift */ = {isa = PBXFileReference; includeInIndex = 1; lastKnownFileType = sourcecode.swift; name = EditorialAIAssistantView.swift; path = KlangradarNative/Features/Editorial/Shared/EditorialAIAssistantView.swift; sourceTree = "<group>"; };
		16E45D672880F164CBFB1B83 /* EditorialProgramScanView.swift */ = {isa = PBXFileReference; includeInIndex = 1; lastKnownFileType = sourcecode.swift; name = EditorialProgramScanView.swift; path = KlangradarNative/Features/Editorial/ProgramScan/EditorialProgramScanView.swift; sourceTree = "<group>"; };
		175A00087278975F5A5ED265 /* InterestsStepView.swift */ = {isa = PBXFileReference; includeInIndex = 1; lastKnownFileType = sourcecode.swift; name = InterestsStepView.swift; path = KlangradarNative/Features/Onboarding/InterestsStepView.swift; sourceTree = "<group>"; };
		1818A01B388681A970220C25 /* MarketingHomeScreenView.swift */ = {isa = PBXFileReference; includeInIndex = 1; lastKnownFileType = sourcecode.swift; name = MarketingHomeScreenView.swift; path = KlangradarNative/Features/Home/MarketingHomeScreenView.swift; sourceTree = "<group>"; };
		194E16284D4D65F4083C8EE8 /* OnboardingSummaryView.swift */ = {isa = PBXFileReference; includeInIndex = 1; lastKnownFileType = sourcecode.swift; name = OnboardingSummaryView.swift; path = KlangradarNative/Features/Onboarding/OnboardingSummaryView.swift; sourceTree = "<group>"; };
		1AFAB496EC1201C96A12DDDE /* EditorialQuickFixView.swift */ = {isa = PBXFileReference; includeInIndex = 1; lastKnownFileType = sourcecode.swift; name = EditorialQuickFixView.swift; path = KlangradarNative/Features/Editorial/QuickFix/EditorialQuickFixView.swift; sourceTree = "<group>"; };
		1D8A809073F789F06C6C6BF4 /* EntityDetailView.swift */ = {isa = PBXFileReference; includeInIndex = 1; lastKnownFileType = sourcecode.swift; name = EntityDetailView.swift; path = KlangradarNative/Features/Directory/EntityDetailView.swift; sourceTree = "<group>"; };
		1DB659480FE7BFE10853C772 /* ImageCache.swift */ = {isa = PBXFileReference; includeInIndex = 1; lastKnownFileType = sourcecode.swift; name = ImageCache.swift; path = KlangradarNative/Core/Networking/ImageCache.swift; sourceTree = "<group>"; };
		1DF3B72F8E7A14809DEBB07E /* EditorialEntityEditorView.swift */ = {isa = PBXFileReference; includeInIndex = 1; lastKnownFileType = sourcecode.swift; name = EditorialEntityEditorView.swift; path = KlangradarNative/Features/Editorial/EntityEditor/EditorialEntityEditorView.swift; sourceTree = "<group>"; };
		1FF778F58CFCAF43B5CBFA06 /* ContentRepository.swift */ = {isa = PBXFileReference; includeInIndex = 1; lastKnownFileType = sourcecode.swift; name = ContentRepository.swift; path = KlangradarNative/Core/Repositories/ContentRepository.swift; sourceTree = "<group>"; };
		208C05E0AC6E47DC8FCF7804 /* NotificationsStepView.swift */ = {isa = PBXFileReference; includeInIndex = 1; lastKnownFileType = sourcecode.swift; name = NotificationsStepView.swift; path = KlangradarNative/Features/Onboarding/NotificationsStepView.swift; sourceTree = "<group>"; };
		232AE0D38538C54CEE8DCC6E /* SupabaseRESTClient.swift */ = {isa = PBXFileReference; includeInIndex = 1; lastKnownFileType = sourcecode.swift; name = SupabaseRESTClient.swift; path = KlangradarNative/Core/Networking/SupabaseRESTClient.swift; sourceTree = "<group>"; };
		2877CF9EB67833FA0A0B7175 /* EditorialMoreView.swift */ = {isa = PBXFileReference; includeInIndex = 1; lastKnownFileType = sourcecode.swift; name = EditorialMoreView.swift; path = KlangradarNative/Features/Editorial/More/EditorialMoreView.swift; sourceTree = "<group>"; };
		2902A42C0B1164A2FC71B000 /* EditorialSharedViews.swift */ = {isa = PBXFileReference; includeInIndex = 1; lastKnownFileType = sourcecode.swift; name = EditorialSharedViews.swift; path = KlangradarNative/Features/Editorial/Shared/EditorialSharedViews.swift; sourceTree = "<group>"; };
		29EBD91EA7408D7B83A4C8FF /* LiquidGlassSurface.swift */ = {isa = PBXFileReference; includeInIndex = 1; lastKnownFileType = sourcecode.swift; name = LiquidGlassSurface.swift; path = KlangradarNative/DesignSystem/Components/LiquidGlassSurface.swift; sourceTree = "<group>"; };
		2A65858B79E4711A1218848A /* PersonalDataStepView.swift */ = {isa = PBXFileReference; includeInIndex = 1; lastKnownFileType = sourcecode.swift; name = PersonalDataStepView.swift; path = KlangradarNative/Features/Onboarding/PersonalDataStepView.swift; sourceTree = "<group>"; };
		2C5CDE647689CA7BF42406DB /* HomeView.swift */ = {isa = PBXFileReference; includeInIndex = 1; lastKnownFileType = sourcecode.swift; name = HomeView.swift; path = KlangradarNative/Features/Home/HomeView.swift; sourceTree = "<group>"; };
		2F507FEA03509153A6A25732 /* EditorialDocumentScanner.swift */ = {isa = PBXFileReference; includeInIndex = 1; lastKnownFileType = sourcecode.swift; name = EditorialDocumentScanner.swift; path = KlangradarNative/Features/Editorial/ProgramScan/EditorialDocumentScanner.swift; sourceTree = "<group>"; };
		35D7FEC2E700301106419F88 /* EditorialEventsListView.swift */ = {isa = PBXFileReference; includeInIndex = 1; lastKnownFileType = sourcecode.swift; name = EditorialEventsListView.swift; path = KlangradarNative/Features/Editorial/Events/EditorialEventsListView.swift; sourceTree = "<group>"; };
		41B34C233EAD8866BDFF8326 /* Foundation.framework */ = {isa = PBXFileReference; lastKnownFileType = wrapper.framework; name = Foundation.framework; path = Platforms/iPhoneOS.platform/Developer/SDKs/iPhoneOS26.0.sdk/System/Library/Frameworks/Foundation.framework; sourceTree = DEVELOPER_DIR; };
		4280EB4681C561509A1DB422 /* CollectionDetailView.swift */ = {isa = PBXFileReference; includeInIndex = 1; lastKnownFileType = sourcecode.swift; name = CollectionDetailView.swift; path = KlangradarNative/Features/Collections/CollectionDetailView.swift; sourceTree = "<group>"; };
		43704E31B1C8F7EB2AA203E5 /* ContentModels.swift */ = {isa = PBXFileReference; includeInIndex = 1; lastKnownFileType = sourcecode.swift; name = ContentModels.swift; path = KlangradarNative/Domain/Models/ContentModels.swift; sourceTree = "<group>"; };
		477B16AFACFFF29B634D5BE8 /* HomeViewModel.swift */ = {isa = PBXFileReference; includeInIndex = 1; lastKnownFileType = sourcecode.swift; name = HomeViewModel.swift; path = KlangradarNative/Features/Home/HomeViewModel.swift; sourceTree = "<group>"; };
		4C513C2135A01744E785BDC9 /* EditorialEventEditorView.swift */ = {isa = PBXFileReference; includeInIndex = 1; lastKnownFileType = sourcecode.swift; name = EditorialEventEditorView.swift; path = KlangradarNative/Features/Editorial/EventEditor/EditorialEventEditorView.swift; sourceTree = "<group>"; };
		56D8CFF8A5FEBFDF8B153796 /* VenueMapView.swift */ = {isa = PBXFileReference; includeInIndex = 1; lastKnownFileType = sourcecode.swift; name = VenueMapView.swift; path = KlangradarNative/Features/Map/VenueMapView.swift; sourceTree = "<group>"; };
		583CCB277018E354046DDFD3 /* WelcomeStepView.swift */ = {isa = PBXFileReference; includeInIndex = 1; lastKnownFileType = sourcecode.swift; name = WelcomeStepView.swift; path = KlangradarNative/Features/Onboarding/WelcomeStepView.swift; sourceTree = "<group>"; };
		5921FEEB46780409DB44FABC /* VenueLocation.swift */ = {isa = PBXFileReference; includeInIndex = 1; lastKnownFileType = sourcecode.swift; name = VenueLocation.swift; path = KlangradarNative/Domain/Models/VenueLocation.swift; sourceTree = "<group>"; };
		5CF01B7A359172A5C864D358 /* EditorialRepositoryDeleteTests.swift */ = {isa = PBXFileReference; includeInIndex = 1; lastKnownFileType = sourcecode.swift; name = EditorialRepositoryDeleteTests.swift; path = KlangradarNativeTests/EditorialRepositoryDeleteTests.swift; sourceTree = "<group>"; };
		5CF75AF45E88A6CE12625807 /* EditorialMediaTabView.swift */ = {isa = PBXFileReference; includeInIndex = 1; lastKnownFileType = sourcecode.swift; name = EditorialMediaTabView.swift; path = KlangradarNative/Features/Editorial/Media/EditorialMediaTabView.swift; sourceTree = "<group>"; };
		5E4AD1B8C91F4E8766A34BEA /* JSONValue.swift */ = {isa = PBXFileReference; includeInIndex = 1; lastKnownFileType = sourcecode.swift; name = JSONValue.swift; path = KlangradarNative/Core/Networking/JSONValue.swift; sourceTree = "<group>"; };
		5F66C02B373411456F384424 /* RecentlyEditedStore.swift */ = {isa = PBXFileReference; includeInIndex = 1; lastKnownFileType = sourcecode.swift; name = RecentlyEditedStore.swift; path = KlangradarNative/Features/Editorial/Shell/RecentlyEditedStore.swift; sourceTree = "<group>"; };
		5FF51C3A9351A6F70DA28DE8 /* EventRepository.swift */ = {isa = PBXFileReference; includeInIndex = 1; lastKnownFileType = sourcecode.swift; name = EventRepository.swift; path = KlangradarNative/Core/Repositories/EventRepository.swift; sourceTree = "<group>"; };
		6A676C4293AA3B69D508C043 /* EventCalendarView.swift */ = {isa = PBXFileReference; includeInIndex = 1; lastKnownFileType = sourcecode.swift; name = EventCalendarView.swift; path = KlangradarNative/Features/Calendar/EventCalendarView.swift; sourceTree = "<group>"; };
		6A935D2055794CFB7F689D79 /* BiometricAuth.swift */ = {isa = PBXFileReference; includeInIndex = 1; lastKnownFileType = sourcecode.swift; name = BiometricAuth.swift; path = KlangradarNative/Core/Authentication/BiometricAuth.swift; sourceTree = "<group>"; };
		6D90DD58C1632A8EFF6E58B4 /* EditorialShellView.swift */ = {isa = PBXFileReference; includeInIndex = 1; lastKnownFileType = sourcecode.swift; name = EditorialShellView.swift; path = KlangradarNative/Features/Editorial/Shell/EditorialShellView.swift; sourceTree = "<group>"; };
		7337787CE80D879F2FEDA463 /* UserRepository.swift */ = {isa = PBXFileReference; includeInIndex = 1; lastKnownFileType = sourcecode.swift; name = UserRepository.swift; path = KlangradarNative/Core/Repositories/UserRepository.swift; sourceTree = "<group>"; };
		7979A171E4AD2581E1C09CC9 /* SignUpStepView.swift */ = {isa = PBXFileReference; includeInIndex = 1; lastKnownFileType = sourcecode.swift; name = SignUpStepView.swift; path = KlangradarNative/Features/Onboarding/SignUpStepView.swift; sourceTree = "<group>"; };
		7C6108DE0AADDA8249806DC7 /* EditorialLocationSearch.swift */ = {isa = PBXFileReference; includeInIndex = 1; lastKnownFileType = sourcecode.swift; name = EditorialLocationSearch.swift; path = KlangradarNative/Features/Editorial/VenueCreate/EditorialLocationSearch.swift; sourceTree = "<group>"; };
		7C8BD0E90CB93D99FE973D8E /* ForgotPasswordView.swift */ = {isa = PBXFileReference; includeInIndex = 1; lastKnownFileType = sourcecode.swift; name = ForgotPasswordView.swift; path = KlangradarNative/Features/Onboarding/ForgotPasswordView.swift; sourceTree = "<group>"; };
		7F460F3F53BF39C6D76F9666 /* AppEnvironment.swift */ = {isa = PBXFileReference; includeInIndex = 1; lastKnownFileType = sourcecode.swift; name = AppEnvironment.swift; path = KlangradarNative/App/AppEnvironment.swift; sourceTree = "<group>"; };
		813179CC0FC90E6430231634 /* OnboardingStepScaffold.swift */ = {isa = PBXFileReference; includeInIndex = 1; lastKnownFileType = sourcecode.swift; name = OnboardingStepScaffold.swift; path = KlangradarNative/Features/Onboarding/OnboardingStepScaffold.swift; sourceTree = "<group>"; };
		829E51E99E598EA2DA30EEDC /* KlangradarNativeTests.xctest */ = {isa = PBXFileReference; explicitFileType = wrapper.cfbundle; includeInIndex = 0; path = KlangradarNativeTests.xctest; sourceTree = BUILT_PRODUCTS_DIR; };
		9257B088FDBAD6E12E3E0E82 /* KeychainStore.swift */ = {isa = PBXFileReference; includeInIndex = 1; lastKnownFileType = sourcecode.swift; name = KeychainStore.swift; path = KlangradarNative/Core/Authentication/KeychainStore.swift; sourceTree = "<group>"; };
		932486A01DC0FF0E4406A037 /* VerifyEmailStepView.swift */ = {isa = PBXFileReference; includeInIndex = 1; lastKnownFileType = sourcecode.swift; name = VerifyEmailStepView.swift; path = KlangradarNative/Features/Onboarding/VerifyEmailStepView.swift; sourceTree = "<group>"; };
		93ED80B4B71D307F48E35B9A /* EditorialReportsTabView.swift */ = {isa = PBXFileReference; includeInIndex = 1; lastKnownFileType = sourcecode.swift; name = EditorialReportsTabView.swift; path = KlangradarNative/Features/Editorial/Reports/EditorialReportsTabView.swift; sourceTree = "<group>"; };
		9A2DD3CB0B74FBCA24EB7897 /* InterestsView.swift */ = {isa = PBXFileReference; includeInIndex = 1; lastKnownFileType = sourcecode.swift; name = InterestsView.swift; path = KlangradarNative/Features/Profile/InterestsView.swift; sourceTree = "<group>"; };
		9FE05713FC999668CB8B426D /* ProfileView.swift */ = {isa = PBXFileReference; includeInIndex = 1; lastKnownFileType = sourcecode.swift; name = ProfileView.swift; path = KlangradarNative/Features/Profile/ProfileView.swift; sourceTree = "<group>"; };
		A72FE14C6D32264E8915B490 /* EditorialProgramOCRTests.swift */ = {isa = PBXFileReference; includeInIndex = 1; lastKnownFileType = sourcecode.swift; name = EditorialProgramOCRTests.swift; path = KlangradarNativeTests/EditorialProgramOCRTests.swift; sourceTree = "<group>"; };
		A99A14977E05129EE5B4C12C /* EditorialProgramOCR.swift */ = {isa = PBXFileReference; includeInIndex = 1; lastKnownFileType = sourcecode.swift; name = EditorialProgramOCR.swift; path = KlangradarNative/Features/Editorial/ProgramScan/EditorialProgramOCR.swift; sourceTree = "<group>"; };
		AA83CC41FB514D14BB0B73E3 /* EditorialGlobalToolbar.swift */ = {isa = PBXFileReference; includeInIndex = 1; lastKnownFileType = sourcecode.swift; name = EditorialGlobalToolbar.swift; path = KlangradarNative/Features/Editorial/Shell/EditorialGlobalToolbar.swift; sourceTree = "<group>"; };
		B27C4750E0EB6DB56D1BFCD3 /* FavoritesCache.swift */ = {isa = PBXFileReference; includeInIndex = 1; lastKnownFileType = sourcecode.swift; name = FavoritesCache.swift; path = KlangradarNative/Core/Repositories/FavoritesCache.swift; sourceTree = "<group>"; };
		B27DB0B9B7A8E55A23576E92 /* EditorialTodayView.swift */ = {isa = PBXFileReference; includeInIndex = 1; lastKnownFileType = sourcecode.swift; name = EditorialTodayView.swift; path = KlangradarNative/Features/Editorial/Today/EditorialTodayView.swift; sourceTree = "<group>"; };
		B70A706CC74DB5CCC21CA5FD /* CroppedAsyncImage.swift */ = {isa = PBXFileReference; includeInIndex = 1; lastKnownFileType = sourcecode.swift; name = CroppedAsyncImage.swift; path = KlangradarNative/DesignSystem/Components/CroppedAsyncImage.swift; sourceTree = "<group>"; };
		BE7B34CA27B552BF1D5E7846 /* EditorialSearchView.swift */ = {isa = PBXFileReference; includeInIndex = 1; lastKnownFileType = sourcecode.swift; name = EditorialSearchView.swift; path = KlangradarNative/Features/Editorial/Shell/EditorialSearchView.swift; sourceTree = "<group>"; };
		C2E9EA625611EE1155663B59 /* SampleData.swift */ = {isa = PBXFileReference; includeInIndex = 1; lastKnownFileType = sourcecode.swift; name = SampleData.swift; path = KlangradarNative/Domain/Models/SampleData.swift; sourceTree = "<group>"; };
		C7C2B6580DD8A7599673EAA2 /* EditorialRepository.swift */ = {isa = PBXFileReference; includeInIndex = 1; lastKnownFileType = sourcecode.swift; name = EditorialRepository.swift; path = KlangradarNative/Core/Repositories/EditorialRepository.swift; sourceTree = "<group>"; };
		C840DB73FE12048085590B47 /* HTTPClient.swift */ = {isa = PBXFileReference; includeInIndex = 1; lastKnownFileType = sourcecode.swift; name = HTTPClient.swift; path = KlangradarNative/Core/Networking/HTTPClient.swift; sourceTree = "<group>"; };
		CFB1D17B659E78350883F31C /* SearchView.swift */ = {isa = PBXFileReference; includeInIndex = 1; lastKnownFileType = sourcecode.swift; name = SearchView.swift; path = KlangradarNative/Features/Search/SearchView.swift; sourceTree = "<group>"; };
		D0DA944702C6E9E2630F8D07 /* KlangradarNativeApp.swift */ = {isa = PBXFileReference; includeInIndex = 1; lastKnownFileType = sourcecode.swift; name = KlangradarNativeApp.swift; path = KlangradarNative/App/KlangradarNativeApp.swift; sourceTree = "<group>"; };
		D135BAECD9FBEFC556DC9178 /* EditorialCreateEntityView.swift */ = {isa = PBXFileReference; includeInIndex = 1; lastKnownFileType = sourcecode.swift; name = EditorialCreateEntityView.swift; path = KlangradarNative/Features/Editorial/CreateFlows/EditorialCreateEntityView.swift; sourceTree = "<group>"; };
		D33DA386ADB709677E5432A1 /* EditorialImageCropView.swift */ = {isa = PBXFileReference; includeInIndex = 1; lastKnownFileType = sourcecode.swift; name = EditorialImageCropView.swift; path = KlangradarNative/Features/Editorial/ImageCrop/EditorialImageCropView.swift; sourceTree = "<group>"; };
		D3C7C943A6D650CC0B92AA1D /* APIConfiguration.swift */ = {isa = PBXFileReference; includeInIndex = 1; lastKnownFileType = sourcecode.swift; name = APIConfiguration.swift; path = KlangradarNative/Core/Configuration/APIConfiguration.swift; sourceTree = "<group>"; };
		D8630B7168FC048BDCCAAC42 /* LocationStepView.swift */ = {isa = PBXFileReference; includeInIndex = 1; lastKnownFileType = sourcecode.swift; name = LocationStepView.swift; path = KlangradarNative/Features/Onboarding/LocationStepView.swift; sourceTree = "<group>"; };
		E1593B76145B092692DD1CBD /* EditorialCreateVenueView.swift */ = {isa = PBXFileReference; includeInIndex = 1; lastKnownFileType = sourcecode.swift; name = EditorialCreateVenueView.swift; path = KlangradarNative/Features/Editorial/VenueCreate/EditorialCreateVenueView.swift; sourceTree = "<group>"; };
		E20B8E773C98FBD9C17CA93E /* GenreFilterRouter.swift */ = {isa = PBXFileReference; includeInIndex = 1; lastKnownFileType = sourcecode.swift; name = GenreFilterRouter.swift; path = KlangradarNative/Core/GenreFilterRouter.swift; sourceTree = "<group>"; };
		E70B547833A257AFDF2B8133 /* LocationRequester.swift */ = {isa = PBXFileReference; includeInIndex = 1; lastKnownFileType = sourcecode.swift; name = LocationRequester.swift; path = KlangradarNative/Core/Location/LocationRequester.swift; sourceTree = "<group>"; };
		ED9EF7623B0DE673815DEF17 /* HomeCache.swift */ = {isa = PBXFileReference; includeInIndex = 1; lastKnownFileType = sourcecode.swift; name = HomeCache.swift; path = KlangradarNative/Core/Networking/HomeCache.swift; sourceTree = "<group>"; };
		EEC79E273D60FF54962B5195 /* GlassIconButton.swift */ = {isa = PBXFileReference; includeInIndex = 1; lastKnownFileType = sourcecode.swift; name = GlassIconButton.swift; path = KlangradarNative/DesignSystem/Components/GlassIconButton.swift; sourceTree = "<group>"; };
		F0AA9C0DFAAF05607D3493C6 /* EventCard.swift */ = {isa = PBXFileReference; includeInIndex = 1; lastKnownFileType = sourcecode.swift; name = EventCard.swift; path = KlangradarNative/DesignSystem/Components/EventCard.swift; sourceTree = "<group>"; };
		F1FE219C377F383FB1F0E784 /* EventDetailView.swift */ = {isa = PBXFileReference; includeInIndex = 1; lastKnownFileType = sourcecode.swift; name = EventDetailView.swift; path = KlangradarNative/Features/EventDetail/EventDetailView.swift; sourceTree = "<group>"; };
		F49B6C9516E7972A56DD7A3B /* KlangradarNative.app */ = {isa = PBXFileReference; explicitFileType = wrapper.application; includeInIndex = 0; path = KlangradarNative.app; sourceTree = BUILT_PRODUCTS_DIR; };
		F55A23A136B6433AE0B25FBC /* AuthStore.swift */ = {isa = PBXFileReference; includeInIndex = 1; lastKnownFileType = sourcecode.swift; name = AuthStore.swift; path = KlangradarNative/Core/Authentication/AuthStore.swift; sourceTree = "<group>"; };
		F64FBB5C682E783B39E536CA /* AuthService.swift */ = {isa = PBXFileReference; includeInIndex = 1; lastKnownFileType = sourcecode.swift; name = AuthService.swift; path = KlangradarNative/Core/Authentication/AuthService.swift; sourceTree = "<group>"; };
		F6BBA118008EE2A893C90DF6 /* VenueLocationTests.swift */ = {isa = PBXFileReference; includeInIndex = 1; lastKnownFileType = sourcecode.swift; name = VenueLocationTests.swift; path = KlangradarNativeTests/VenueLocationTests.swift; sourceTree = "<group>"; };
		F914E3485597E36EAEF024BB /* EditorialDashboardView.swift */ = {isa = PBXFileReference; includeInIndex = 1; lastKnownFileType = sourcecode.swift; name = EditorialDashboardView.swift; path = KlangradarNative/Features/Editorial/EditorialDashboardView.swift; sourceTree = "<group>"; };
		F9912D4C4E4250CCDE84D8F7 /* EditorialGalleryEditor.swift */ = {isa = PBXFileReference; includeInIndex = 1; lastKnownFileType = sourcecode.swift; name = EditorialGalleryEditor.swift; path = KlangradarNative/Features/Editorial/Media/EditorialGalleryEditor.swift; sourceTree = "<group>"; };
		F9D883BCEA37B54BCE25FE8C /* CachedAsyncImage.swift */ = {isa = PBXFileReference; includeInIndex = 1; lastKnownFileType = sourcecode.swift; name = CachedAsyncImage.swift; path = KlangradarNative/DesignSystem/Components/CachedAsyncImage.swift; sourceTree = "<group>"; };
		FC671833F9321D8558A00C44 /* Assets.xcassets */ = {isa = PBXFileReference; includeInIndex = 1; lastKnownFileType = folder.assetcatalog; name = Assets.xcassets; path = KlangradarNative/Resources/Assets.xcassets; sourceTree = "<group>"; };
		FCCB83BACE20BFA18754F8CC /* OnboardingView.swift */ = {isa = PBXFileReference; includeInIndex = 1; lastKnownFileType = sourcecode.swift; name = OnboardingView.swift; path = KlangradarNative/Features/Onboarding/OnboardingView.swift; sourceTree = "<group>"; };
		FFD408CAA2151BD1A8FE0EB0 /* ConcertEvent.swift */ = {isa = PBXFileReference; includeInIndex = 1; lastKnownFileType = sourcecode.swift; name = ConcertEvent.swift; path = KlangradarNative/Domain/Models/ConcertEvent.swift; sourceTree = "<group>"; };
/* End PBXFileReference section */

/* Begin PBXFrameworksBuildPhase section */
		1F065758E72501680F25AB51 /* Frameworks */ = {
			isa = PBXFrameworksBuildPhase;
			buildActionMask = 2147483647;
			files = (
				B50BD7721304FC1F63F0975F /* Foundation.framework in Frameworks */,
			);
			runOnlyForDeploymentPostprocessing = 0;
		};
		6D7AAF9AABCC1F4139822228 /* Frameworks */ = {
			isa = PBXFrameworksBuildPhase;
			buildActionMask = 2147483647;
			files = (
				F71388685A66DB20669B9117 /* Foundation.framework in Frameworks */,
			);
			runOnlyForDeploymentPostprocessing = 0;
		};
/* End PBXFrameworksBuildPhase section */

/* Begin PBXGroup section */
		06360FA3277866CE9D2302D4 /* Search */ = {
			isa = PBXGroup;
			children = (
				CFB1D17B659E78350883F31C /* SearchView.swift */,
			);
			name = Search;
			sourceTree = "<group>";
		};
		0FB94CC38B3A708A47EEEC04 /* App */ = {
			isa = PBXGroup;
			children = (
				7F460F3F53BF39C6D76F9666 /* AppEnvironment.swift */,
				D0DA944702C6E9E2630F8D07 /* KlangradarNativeApp.swift */,
				05DC5ECF729EB72DB12F6688 /* RootTabView.swift */,
			);
			name = App;
			sourceTree = "<group>";
		};
		1198A637FFF00310B592EE50 /* Directory */ = {
			isa = PBXGroup;
			children = (
				1D8A809073F789F06C6C6BF4 /* EntityDetailView.swift */,
			);
			name = Directory;
			sourceTree = "<group>";
		};
		12AD71058114B52F945F436D /* KlangradarNativeTests */ = {
			isa = PBXGroup;
			children = (
				147824A44887030E199C6E6B /* ConcertEventTests.swift */,
				04C3F6764151461DAE542186 /* EditorialCropMathTests.swift */,
				A72FE14C6D32264E8915B490 /* EditorialProgramOCRTests.swift */,
				5CF01B7A359172A5C864D358 /* EditorialRepositoryDeleteTests.swift */,
				F6BBA118008EE2A893C90DF6 /* VenueLocationTests.swift */,
			);
			name = KlangradarNativeTests;
			sourceTree = "<group>";
		};
		13A1939CECA4573A166DD97D /* Media */ = {
			isa = PBXGroup;
			children = (
				F9912D4C4E4250CCDE84D8F7 /* EditorialGalleryEditor.swift */,
				131A4DACB480C78A13789367 /* EditorialImagePickerButtons.swift */,
				5CF75AF45E88A6CE12625807 /* EditorialMediaTabView.swift */,
			);
			name = Media;
			sourceTree = "<group>";
		};
		1AF3DE6799D89FEE14081479 /* Editorial */ = {
			isa = PBXGroup;
			children = (
				8EED41859337CCE6889CA461 /* CreateFlows */,
				F914E3485597E36EAEF024BB /* EditorialDashboardView.swift */,
				E317DE9A6756CF85A8DEE0FD /* EntityEditor */,
				3828B5D9E8D7AB43255E48D9 /* EventEditor */,
				EBD0BB90F1F4BAA4D1E4BF0A /* Events */,
				83710703718927E40DC07310 /* ImageCrop */,
				13A1939CECA4573A166DD97D /* Media */,
				BC4AF8915DCCBFAF5A877B98 /* More */,
				666BC8512F1FFFDFCA7D96D2 /* ProgramScan */,
				4168F69D1FED3F86AD73B160 /* QuickFix */,
				61209858A1D7E11B520A14D1 /* Reports */,
				A2B77F4B09EB18783AAA9ECB /* Shared */,
				2C9187F3DC935893CF4FF6C5 /* Shell */,
				F6D947153B3AD44EBCFA2692 /* Today */,
				5FD6BF20F33EAECADD9D4390 /* VenueCreate */,
			);
			name = Editorial;
			sourceTree = "<group>";
		};
		205FFE6FA8382B3B7CA5E520 /* Home */ = {
			isa = PBXGroup;
			children = (
				2C5CDE647689CA7BF42406DB /* HomeView.swift */,
				477B16AFACFFF29B634D5BE8 /* HomeViewModel.swift */,
				1818A01B388681A970220C25 /* MarketingHomeScreenView.swift */,
			);
			name = Home;
			sourceTree = "<group>";
		};
		24302E922B1B1A6A1378E0DF /* Onboarding */ = {
			isa = PBXGroup;
			children = (
				7C8BD0E90CB93D99FE973D8E /* ForgotPasswordView.swift */,
				175A00087278975F5A5ED265 /* InterestsStepView.swift */,
				D8630B7168FC048BDCCAAC42 /* LocationStepView.swift */,
				208C05E0AC6E47DC8FCF7804 /* NotificationsStepView.swift */,
				813179CC0FC90E6430231634 /* OnboardingStepScaffold.swift */,
				194E16284D4D65F4083C8EE8 /* OnboardingSummaryView.swift */,
				FCCB83BACE20BFA18754F8CC /* OnboardingView.swift */,
				0927DF11C0F88D2695365932 /* PasswordLoginView.swift */,
				2A65858B79E4711A1218848A /* PersonalDataStepView.swift */,
				7979A171E4AD2581E1C09CC9 /* SignUpStepView.swift */,
				932486A01DC0FF0E4406A037 /* VerifyEmailStepView.swift */,
				583CCB277018E354046DDFD3 /* WelcomeStepView.swift */,
			);
			name = Onboarding;
			sourceTree = "<group>";
		};
		2C9187F3DC935893CF4FF6C5 /* Shell */ = {
			isa = PBXGroup;
			children = (
				AA83CC41FB514D14BB0B73E3 /* EditorialGlobalToolbar.swift */,
				BE7B34CA27B552BF1D5E7846 /* EditorialSearchView.swift */,
				6D90DD58C1632A8EFF6E58B4 /* EditorialShellView.swift */,
				5F66C02B373411456F384424 /* RecentlyEditedStore.swift */,
			);
			name = Shell;
			sourceTree = "<group>";
		};
		2E609D867D7F5B4273B41284 /* Map */ = {
			isa = PBXGroup;
			children = (
				56D8CFF8A5FEBFDF8B153796 /* VenueMapView.swift */,
			);
			name = Map;
			sourceTree = "<group>";
		};
		3783B39ECF1A79B448113397 /* Shared */ = {
			isa = PBXGroup;
			children = (
				086A011575429B0604FEB5F4 /* ReportContentSheet.swift */,
			);
			name = Shared;
			sourceTree = "<group>";
		};
		3828B5D9E8D7AB43255E48D9 /* EventEditor */ = {
			isa = PBXGroup;
			children = (
				4C513C2135A01744E785BDC9 /* EditorialEventEditorView.swift */,
			);
			name = EventEditor;
			sourceTree = "<group>";
		};
		38667C3F82CB5AA7AD6F8A98 /* Domain */ = {
			isa = PBXGroup;
			children = (
				62401B0F7CFE6B2BB3CFB09F /* Models */,
			);
			name = Domain;
			sourceTree = "<group>";
		};
		3B3953257AC280C715C8520D /* Core */ = {
			isa = PBXGroup;
			children = (
				6CA4C4476276BCA3C3CD1E02 /* Authentication */,
				87DCB5EF6AB8194DECE6464E /* Configuration */,
				E20B8E773C98FBD9C17CA93E /* GenreFilterRouter.swift */,
				A89F0079A9922D4E2B602070 /* Location */,
				46F1F428D5E148E9FFAE603E /* Networking */,
				E2ECA5A0D8C4502ABB591F7F /* Repositories */,
			);
			name = Core;
			sourceTree = "<group>";
		};
		4168F69D1FED3F86AD73B160 /* QuickFix */ = {
			isa = PBXGroup;
			children = (
				1AFAB496EC1201C96A12DDDE /* EditorialQuickFixView.swift */,
			);
			name = QuickFix;
			sourceTree = "<group>";
		};
		46F1F428D5E148E9FFAE603E /* Networking */ = {
			isa = PBXGroup;
			children = (
				C840DB73FE12048085590B47 /* HTTPClient.swift */,
				ED9EF7623B0DE673815DEF17 /* HomeCache.swift */,
				1DB659480FE7BFE10853C772 /* ImageCache.swift */,
				5E4AD1B8C91F4E8766A34BEA /* JSONValue.swift */,
				232AE0D38538C54CEE8DCC6E /* SupabaseRESTClient.swift */,
			);
			name = Networking;
			sourceTree = "<group>";
		};
		48FBB532A6606AE36C0A95A7 /* iOS */ = {
			isa = PBXGroup;
			children = (
				41B34C233EAD8866BDFF8326 /* Foundation.framework */,
			);
			name = iOS;
			sourceTree = "<group>";
		};
		5A058E1122937380FC48F4B9 = {
			isa = PBXGroup;
			children = (
				630D1E58F0D7EFF004E0E925 /* Products */,
				EEB3994232B4EA6497A69D16 /* Frameworks */,
				7EB56FC5ADE7960C3ECD25E1 /* KlangradarNative */,
				12AD71058114B52F945F436D /* KlangradarNativeTests */,
			);
			sourceTree = "<group>";
		};
		5FD6BF20F33EAECADD9D4390 /* VenueCreate */ = {
			isa = PBXGroup;
			children = (
				E1593B76145B092692DD1CBD /* EditorialCreateVenueView.swift */,
				7C6108DE0AADDA8249806DC7 /* EditorialLocationSearch.swift */,
			);
			name = VenueCreate;
			sourceTree = "<group>";
		};
		61209858A1D7E11B520A14D1 /* Reports */ = {
			isa = PBXGroup;
			children = (
				93ED80B4B71D307F48E35B9A /* EditorialReportsTabView.swift */,
			);
			name = Reports;
			sourceTree = "<group>";
		};
		62401B0F7CFE6B2BB3CFB09F /* Models */ = {
			isa = PBXGroup;
			children = (
				FFD408CAA2151BD1A8FE0EB0 /* ConcertEvent.swift */,
				43704E31B1C8F7EB2AA203E5 /* ContentModels.swift */,
				C2E9EA625611EE1155663B59 /* SampleData.swift */,
				5921FEEB46780409DB44FABC /* VenueLocation.swift */,
			);
			name = Models;
			sourceTree = "<group>";
		};
		630D1E58F0D7EFF004E0E925 /* Products */ = {
			isa = PBXGroup;
			children = (
				F49B6C9516E7972A56DD7A3B /* KlangradarNative.app */,
				829E51E99E598EA2DA30EEDC /* KlangradarNativeTests.xctest */,
			);
			name = Products;
			sourceTree = "<group>";
		};
		666BC8512F1FFFDFCA7D96D2 /* ProgramScan */ = {
			isa = PBXGroup;
			children = (
				2F507FEA03509153A6A25732 /* EditorialDocumentScanner.swift */,
				A99A14977E05129EE5B4C12C /* EditorialProgramOCR.swift */,
				16E45D672880F164CBFB1B83 /* EditorialProgramScanView.swift */,
			);
			name = ProgramScan;
			sourceTree = "<group>";
		};
		6A2A08CC3A3B726890CF40AB /* Calendar */ = {
			isa = PBXGroup;
			children = (
				6A676C4293AA3B69D508C043 /* EventCalendarView.swift */,
			);
			name = Calendar;
			sourceTree = "<group>";
		};
		6CA4C4476276BCA3C3CD1E02 /* Authentication */ = {
			isa = PBXGroup;
			children = (
				F64FBB5C682E783B39E536CA /* AuthService.swift */,
				10DAB137CAC6CC324518F512 /* AuthSession.swift */,
				F55A23A136B6433AE0B25FBC /* AuthStore.swift */,
				6A935D2055794CFB7F689D79 /* BiometricAuth.swift */,
				9257B088FDBAD6E12E3E0E82 /* KeychainStore.swift */,
			);
			name = Authentication;
			sourceTree = "<group>";
		};
		7C2B859D4298E17A61B6408D /* Components */ = {
			isa = PBXGroup;
			children = (
				F9D883BCEA37B54BCE25FE8C /* CachedAsyncImage.swift */,
				B70A706CC74DB5CCC21CA5FD /* CroppedAsyncImage.swift */,
				14B5F5A3F7BEDD3C52A40960 /* EventArtwork.swift */,
				F0AA9C0DFAAF05607D3493C6 /* EventCard.swift */,
				EEC79E273D60FF54962B5195 /* GlassIconButton.swift */,
				29EBD91EA7408D7B83A4C8FF /* LiquidGlassSurface.swift */,
			);
			name = Components;
			sourceTree = "<group>";
		};
		7EB56FC5ADE7960C3ECD25E1 /* KlangradarNative */ = {
			isa = PBXGroup;
			children = (
				0FB94CC38B3A708A47EEEC04 /* App */,
				3B3953257AC280C715C8520D /* Core */,
				FA09715D01C9ECE54E9F688C /* DesignSystem */,
				38667C3F82CB5AA7AD6F8A98 /* Domain */,
				94DC1D1D5927BA144803A444 /* Features */,
				EE2C0E27ED4FC2CA27BFD93F /* Resources */,
			);
			name = KlangradarNative;
			sourceTree = "<group>";
		};
		83710703718927E40DC07310 /* ImageCrop */ = {
			isa = PBXGroup;
			children = (
				D33DA386ADB709677E5432A1 /* EditorialImageCropView.swift */,
			);
			name = ImageCrop;
			sourceTree = "<group>";
		};
		87DCB5EF6AB8194DECE6464E /* Configuration */ = {
			isa = PBXGroup;
			children = (
				D3C7C943A6D650CC0B92AA1D /* APIConfiguration.swift */,
			);
			name = Configuration;
			sourceTree = "<group>";
		};
		8EED41859337CCE6889CA461 /* CreateFlows */ = {
			isa = PBXGroup;
			children = (
				D135BAECD9FBEFC556DC9178 /* EditorialCreateEntityView.swift */,
			);
			name = CreateFlows;
			sourceTree = "<group>";
		};
		94DC1D1D5927BA144803A444 /* Features */ = {
			isa = PBXGroup;
			children = (
				6A2A08CC3A3B726890CF40AB /* Calendar */,
				E103B00E874EB46AA5726CE6 /* Collections */,
				1198A637FFF00310B592EE50 /* Directory */,
				1AF3DE6799D89FEE14081479 /* Editorial */,
				E251D26D7B4B91C2390E88F8 /* EventDetail */,
				205FFE6FA8382B3B7CA5E520 /* Home */,
				2E609D867D7F5B4273B41284 /* Map */,
				24302E922B1B1A6A1378E0DF /* Onboarding */,
				D4B7B567576B78AD5D984AAB /* Profile */,
				06360FA3277866CE9D2302D4 /* Search */,
				3783B39ECF1A79B448113397 /* Shared */,
			);
			name = Features;
			sourceTree = "<group>";
		};
		A2B77F4B09EB18783AAA9ECB /* Shared */ = {
			isa = PBXGroup;
			children = (
				15F600A795758F45B94F5CF1 /* EditorialAIAssistantView.swift */,
				2902A42C0B1164A2FC71B000 /* EditorialSharedViews.swift */,
			);
			name = Shared;
			sourceTree = "<group>";
		};
		A89F0079A9922D4E2B602070 /* Location */ = {
			isa = PBXGroup;
			children = (
				E70B547833A257AFDF2B8133 /* LocationRequester.swift */,
			);
			name = Location;
			sourceTree = "<group>";
		};
		BC4AF8915DCCBFAF5A877B98 /* More */ = {
			isa = PBXGroup;
			children = (
				2877CF9EB67833FA0A0B7175 /* EditorialMoreView.swift */,
			);
			name = More;
			sourceTree = "<group>";
		};
		D4B7B567576B78AD5D984AAB /* Profile */ = {
			isa = PBXGroup;
			children = (
				0E4318AF746DCCF01AFA1E7D /* ImpressumView.swift */,
				9A2DD3CB0B74FBCA24EB7897 /* InterestsView.swift */,
				131FD9A0731BB28EB6AB89D0 /* NotificationSettingsView.swift */,
				088E6E3E3DB5D01A4F141C29 /* ProfileAvatarEditor.swift */,
				9FE05713FC999668CB8B426D /* ProfileView.swift */,
			);
			name = Profile;
			sourceTree = "<group>";
		};
		E103B00E874EB46AA5726CE6 /* Collections */ = {
			isa = PBXGroup;
			children = (
				4280EB4681C561509A1DB422 /* CollectionDetailView.swift */,
			);
			name = Collections;
			sourceTree = "<group>";
		};
		E251D26D7B4B91C2390E88F8 /* EventDetail */ = {
			isa = PBXGroup;
			children = (
				F1FE219C377F383FB1F0E784 /* EventDetailView.swift */,
			);
			name = EventDetail;
			sourceTree = "<group>";
		};
		E2ECA5A0D8C4502ABB591F7F /* Repositories */ = {
			isa = PBXGroup;
			children = (
				1FF778F58CFCAF43B5CBFA06 /* ContentRepository.swift */,
				C7C2B6580DD8A7599673EAA2 /* EditorialRepository.swift */,
				5FF51C3A9351A6F70DA28DE8 /* EventRepository.swift */,
				B27C4750E0EB6DB56D1BFCD3 /* FavoritesCache.swift */,
				7337787CE80D879F2FEDA463 /* UserRepository.swift */,
			);
			name = Repositories;
			sourceTree = "<group>";
		};
		E317DE9A6756CF85A8DEE0FD /* EntityEditor */ = {
			isa = PBXGroup;
			children = (
				1DF3B72F8E7A14809DEBB07E /* EditorialEntityEditorView.swift */,
			);
			name = EntityEditor;
			sourceTree = "<group>";
		};
		EBD0BB90F1F4BAA4D1E4BF0A /* Events */ = {
			isa = PBXGroup;
			children = (
				35D7FEC2E700301106419F88 /* EditorialEventsListView.swift */,
			);
			name = Events;
			sourceTree = "<group>";
		};
		EE2C0E27ED4FC2CA27BFD93F /* Resources */ = {
			isa = PBXGroup;
			children = (
				FC671833F9321D8558A00C44 /* Assets.xcassets */,
			);
			name = Resources;
			sourceTree = "<group>";
		};
		EEB3994232B4EA6497A69D16 /* Frameworks */ = {
			isa = PBXGroup;
			children = (
				48FBB532A6606AE36C0A95A7 /* iOS */,
			);
			name = Frameworks;
			sourceTree = "<group>";
		};
		F6D947153B3AD44EBCFA2692 /* Today */ = {
			isa = PBXGroup;
			children = (
				B27DB0B9B7A8E55A23576E92 /* EditorialTodayView.swift */,
			);
			name = Today;
			sourceTree = "<group>";
		};
		FA09715D01C9ECE54E9F688C /* DesignSystem */ = {
			isa = PBXGroup;
			children = (
				7C2B859D4298E17A61B6408D /* Components */,
				073C92282327AAFFA9F0F599 /* KlangradarTheme.swift */,
			);
			name = DesignSystem;
			sourceTree = "<group>";
		};
/* End PBXGroup section */

/* Begin PBXNativeTarget section */
		1E15B602B609B4974D30966B /* KlangradarNativeTests */ = {
			isa = PBXNativeTarget;
			buildConfigurationList = 823D99B7FA836858A4FAFDBA /* Build configuration list for PBXNativeTarget "KlangradarNativeTests" */;
			buildPhases = (
				C4B6EFB10AC8B0EB90956368 /* Sources */,
				6D7AAF9AABCC1F4139822228 /* Frameworks */,
				BC8F47455D9BCEEAB398A894 /* Resources */,
			);
			buildRules = (
			);
			dependencies = (
				F8F19D8F5E4C07EDAB7F5759 /* PBXTargetDependency */,
			);
			name = KlangradarNativeTests;
			productName = KlangradarNativeTests;
			productReference = 829E51E99E598EA2DA30EEDC /* KlangradarNativeTests.xctest */;
			productType = "com.apple.product-type.bundle.unit-test";
		};
		CDEFB69C56AB25A23198F785 /* KlangradarNative */ = {
			isa = PBXNativeTarget;
			buildConfigurationList = D2ECEAAD3C5386DA49D0CAA3 /* Build configuration list for PBXNativeTarget "KlangradarNative" */;
			buildPhases = (
				D49E7F5113BD9795D5850D80 /* Sources */,
				1F065758E72501680F25AB51 /* Frameworks */,
				2A222128734A6368D764AF92 /* Resources */,
			);
			buildRules = (
			);
			dependencies = (
			);
			name = KlangradarNative;
			productName = KlangradarNative;
			productReference = F49B6C9516E7972A56DD7A3B /* KlangradarNative.app */;
			productType = "com.apple.product-type.application";
		};
/* End PBXNativeTarget section */

/* Begin PBXProject section */
		59C3ED3B4DBCEC48DBC8FE4E /* Project object */ = {
			isa = PBXProject;
			attributes = {
				LastSwiftUpdateCheck = 2660;
				LastUpgradeCheck = 2660;
			};
			buildConfigurationList = 2C0EDA73E4FE71FC099BFCCB /* Build configuration list for PBXProject "KlangradarNative" */;
			compatibilityVersion = "Xcode 3.2";
			developmentRegion = en;
			hasScannedForEncodings = 0;
			knownRegions = (
				en,
				Base,
			);
			mainGroup = 5A058E1122937380FC48F4B9;
			minimizedProjectReferenceProxies = 0;
			preferredProjectObjectVersion = 100;
			productRefGroup = 630D1E58F0D7EFF004E0E925 /* Products */;
			projectDirPath = "";
			projectRoot = "";
			targets = (
				CDEFB69C56AB25A23198F785 /* KlangradarNative */,
				1E15B602B609B4974D30966B /* KlangradarNativeTests */,
			);
		};
/* End PBXProject section */

/* Begin PBXResourcesBuildPhase section */
		2A222128734A6368D764AF92 /* Resources */ = {
			isa = PBXResourcesBuildPhase;
			buildActionMask = 2147483647;
			files = (
				F8D1A6AEE914F20EE6C66747 /* Assets.xcassets in Resources */,
			);
			runOnlyForDeploymentPostprocessing = 0;
		};
		BC8F47455D9BCEEAB398A894 /* Resources */ = {
			isa = PBXResourcesBuildPhase;
			buildActionMask = 2147483647;
			files = (
			);
			runOnlyForDeploymentPostprocessing = 0;
		};
/* End PBXResourcesBuildPhase section */

/* Begin PBXSourcesBuildPhase section */
		C4B6EFB10AC8B0EB90956368 /* Sources */ = {
			isa = PBXSourcesBuildPhase;
			buildActionMask = 2147483647;
			files = (
				413DD8211BF9E9B689D742C3 /* ConcertEventTests.swift in Sources */,
				9C5950D1FC04048166AA3B94 /* EditorialCropMathTests.swift in Sources */,
				5BB03500BA6ED61061F75CAF /* EditorialProgramOCRTests.swift in Sources */,
				3FE9B06B7C7EE06A9006571F /* EditorialRepositoryDeleteTests.swift in Sources */,
				520A3127AFE8E1C725E551A1 /* VenueLocationTests.swift in Sources */,
			);
			runOnlyForDeploymentPostprocessing = 0;
		};
		D49E7F5113BD9795D5850D80 /* Sources */ = {
			isa = PBXSourcesBuildPhase;
			buildActionMask = 2147483647;
			files = (
				DC70CC4B024154FF91A9D591 /* AppEnvironment.swift in Sources */,
				DDC3DDD04AB3391B7D6F1F56 /* KlangradarNativeApp.swift in Sources */,
				045D860A89CA9FD32670D810 /* RootTabView.swift in Sources */,
				656C2EC212E84872D5B054FB /* AuthService.swift in Sources */,
				4BA5CC1991CC59B8BC42C331 /* AuthSession.swift in Sources */,
				D2946634EF3D9115FC4F1B4F /* AuthStore.swift in Sources */,
				45B71A86DC3121D4F1F47BBB /* BiometricAuth.swift in Sources */,
				B9955019B53076A3A60398AF /* KeychainStore.swift in Sources */,
				BB30CE438FD5FA468703B6A5 /* APIConfiguration.swift in Sources */,
				A02911E4FA6023A79D97CA24 /* GenreFilterRouter.swift in Sources */,
				3939F722611471FEE9F68B51 /* LocationRequester.swift in Sources */,
				C17D8248353756B3D3C1FD46 /* HTTPClient.swift in Sources */,
				5644EAC3E8495C1B81798224 /* HomeCache.swift in Sources */,
				7267988CE4C92A116D250B6B /* ImageCache.swift in Sources */,
				F69D11E74E6805866F779BBB /* JSONValue.swift in Sources */,
				3E36730B6763D54B71783C4D /* SupabaseRESTClient.swift in Sources */,
				6A4311BDEA85E169F49C8268 /* ContentRepository.swift in Sources */,
				67A14A36DF8D088D4312FB7B /* EditorialRepository.swift in Sources */,
				68CB15660063F4BDF71B6C30 /* EventRepository.swift in Sources */,
				A57F97976B48D91418E76EB9 /* FavoritesCache.swift in Sources */,
				8ADBE9E022618D832CAC03A8 /* UserRepository.swift in Sources */,
				F20FD70731DF412466FF0533 /* CachedAsyncImage.swift in Sources */,
				4AC20CB207993EA0FC3EFC03 /* CroppedAsyncImage.swift in Sources */,
				7AABCF9584E2AEBC6EC9C49D /* EventArtwork.swift in Sources */,
				56EFEAD543C431E0F00349DA /* EventCard.swift in Sources */,
				2C2C7C896C3A9E899DEE080F /* GlassIconButton.swift in Sources */,
				9CECBFCD79638E57AB26183D /* LiquidGlassSurface.swift in Sources */,
				4BBD447656FD34063D85B7A0 /* KlangradarTheme.swift in Sources */,
				B8108C679B140B7772E508F9 /* ConcertEvent.swift in Sources */,
				B0988931CD9B86A25FC2929B /* ContentModels.swift in Sources */,
				C169AC50A6802D9698E4F2D0 /* SampleData.swift in Sources */,
				6382247DD7B5215C66B6FC9B /* VenueLocation.swift in Sources */,
				002D9B192D277D558CE9476D /* EventCalendarView.swift in Sources */,
				1C8CE751837AA2E33C393DD2 /* CollectionDetailView.swift in Sources */,
				04C6E089A80BC1361FBD3D2C /* EntityDetailView.swift in Sources */,
				E6A825F29EEEF030B229BD40 /* EditorialCreateEntityView.swift in Sources */,
				CC5CE61A1B5DF575141296FB /* EditorialDashboardView.swift in Sources */,
				46030FA497EEF633AC0F803B /* EditorialEntityEditorView.swift in Sources */,
				69371CDB2962B9D033C63DED /* EditorialEventEditorView.swift in Sources */,
				40D66189DDA48953842C263F /* EditorialEventsListView.swift in Sources */,
				84C8041B21BA9C439E837D89 /* EditorialImageCropView.swift in Sources */,
				FBD13D25E2427B799B959944 /* EditorialGalleryEditor.swift in Sources */,
				B02570A829C95B4EBCCB4E65 /* EditorialImagePickerButtons.swift in Sources */,
				D9A1B8C9989465397CC252AA /* EditorialMediaTabView.swift in Sources */,
				A3359E53F665AAB2CCBB6E6C /* EditorialMoreView.swift in Sources */,
				62F01A0E133C798AE8DB7F0E /* EditorialDocumentScanner.swift in Sources */,
				CA377949E110A44987BB1E5C /* EditorialProgramOCR.swift in Sources */,
				6D279CC5DBD904BA45E08F6C /* EditorialProgramScanView.swift in Sources */,
				96714A10277708CF70F59984 /* EditorialQuickFixView.swift in Sources */,
				F9B3769A05D287A5BCED8AAE /* EditorialReportsTabView.swift in Sources */,
				504A9F08DAB3A164B9D4AFBF /* EditorialAIAssistantView.swift in Sources */,
				F7B233A3A16FED4A25958E2E /* EditorialSharedViews.swift in Sources */,
				5ECE4CB12178DB4B4BE5249C /* EditorialGlobalToolbar.swift in Sources */,
				AFE981FD42244FF0263D851D /* EditorialSearchView.swift in Sources */,
				01B5506241CD665AA24987A1 /* EditorialShellView.swift in Sources */,
				6BC1F52274D9D849BAA927CB /* RecentlyEditedStore.swift in Sources */,
				D2C0397CB4A703E6C9F979C2 /* EditorialTodayView.swift in Sources */,
				27B8B42A880CD884C24A2676 /* EditorialCreateVenueView.swift in Sources */,
				DE78455B466CA4AB5E72873D /* EditorialLocationSearch.swift in Sources */,
				6C4F0A491ADDF4F368D43934 /* EventDetailView.swift in Sources */,
				0FF267F64B731F12FF3F9DE1 /* HomeView.swift in Sources */,
				10E2CC2B9D27C76007B23F90 /* HomeViewModel.swift in Sources */,
				E5FED137788F3698F28B71A8 /* MarketingHomeScreenView.swift in Sources */,
				372009210B184B04EF690F2D /* VenueMapView.swift in Sources */,
				D966726D65DF5B1C56D715D1 /* ForgotPasswordView.swift in Sources */,
				45C9B36BBB6E76FB8ABA61CB /* InterestsStepView.swift in Sources */,
				212E6140B9C16631BC65017C /* LocationStepView.swift in Sources */,
				8BB81BD347F7E82812C641F5 /* NotificationsStepView.swift in Sources */,
				0F93C5C1018A8C652777E3F8 /* OnboardingStepScaffold.swift in Sources */,
				15C025A269273DD8349F5CCE /* OnboardingSummaryView.swift in Sources */,
				0230A2C296F5A62FFF9D81CA /* OnboardingView.swift in Sources */,
				752084E1B6A504FDBF0F4F24 /* PasswordLoginView.swift in Sources */,
				6DD6F8F12E9CA31D04140218 /* PersonalDataStepView.swift in Sources */,
				1D3AD578B11D30FE43143D73 /* SignUpStepView.swift in Sources */,
				8ABAD4AFC750C10B533C44F2 /* VerifyEmailStepView.swift in Sources */,
				783A8F3651AB5EE4FA21606B /* WelcomeStepView.swift in Sources */,
				C01EE0ADFB2CB9B3BB99A71F /* ImpressumView.swift in Sources */,
				751F44D6B65E88413536E8AD /* InterestsView.swift in Sources */,
				0F1EE08F781A2B1DE9A5E5E7 /* NotificationSettingsView.swift in Sources */,
				0DA83318BB13ABFC9D2E4B4B /* ProfileAvatarEditor.swift in Sources */,
				414459BDF08ABB70F67F60F0 /* ProfileView.swift in Sources */,
				F9E271B75B416145FAB20D06 /* SearchView.swift in Sources */,
				2B45FC38B9BCA055727B7728 /* ReportContentSheet.swift in Sources */,
			);
			runOnlyForDeploymentPostprocessing = 0;
		};
/* End PBXSourcesBuildPhase section */

/* Begin PBXTargetDependency section */
		F8F19D8F5E4C07EDAB7F5759 /* PBXTargetDependency */ = {
			isa = PBXTargetDependency;
			name = KlangradarNative;
			target = CDEFB69C56AB25A23198F785 /* KlangradarNative */;
			targetProxy = A696B1FB20F9E8FBC4AFEAE1 /* PBXContainerItemProxy */;
		};
/* End PBXTargetDependency section */

/* Begin XCBuildConfiguration section */
		3348C6C29B8325D6578453C7 /* Debug */ = {
			isa = XCBuildConfiguration;
			buildSettings = {
				ALWAYS_SEARCH_USER_PATHS = NO;
				CLANG_ANALYZER_NONNULL = YES;
				CLANG_ANALYZER_NUMBER_OBJECT_CONVERSION = YES_AGGRESSIVE;
				CLANG_CXX_LANGUAGE_STANDARD = "gnu++14";
				CLANG_CXX_LIBRARY = "libc++";
				CLANG_ENABLE_MODULES = YES;
				CLANG_ENABLE_OBJC_ARC = YES;
				CLANG_ENABLE_OBJC_WEAK = YES;
				CLANG_WARN_BLOCK_CAPTURE_AUTORELEASING = YES;
				CLANG_WARN_BOOL_CONVERSION = YES;
				CLANG_WARN_COMMA = YES;
				CLANG_WARN_CONSTANT_CONVERSION = YES;
				CLANG_WARN_DEPRECATED_OBJC_IMPLEMENTATIONS = YES;
				CLANG_WARN_DIRECT_OBJC_ISA_USAGE = YES_ERROR;
				CLANG_WARN_DOCUMENTATION_COMMENTS = YES;
				CLANG_WARN_EMPTY_BODY = YES;
				CLANG_WARN_ENUM_CONVERSION = YES;
				CLANG_WARN_INFINITE_RECURSION = YES;
				CLANG_WARN_INT_CONVERSION = YES;
				CLANG_WARN_NON_LITERAL_NULL_CONVERSION = YES;
				CLANG_WARN_OBJC_IMPLICIT_RETAIN_SELF = YES;
				CLANG_WARN_OBJC_LITERAL_CONVERSION = YES;
				CLANG_WARN_OBJC_ROOT_CLASS = YES_ERROR;
				CLANG_WARN_QUOTED_INCLUDE_IN_FRAMEWORK_HEADER = YES;
				CLANG_WARN_RANGE_LOOP_ANALYSIS = YES;
				CLANG_WARN_STRICT_PROTOTYPES = YES;
				CLANG_WARN_SUSPICIOUS_MOVE = YES;
				CLANG_WARN_UNGUARDED_AVAILABILITY = YES_AGGRESSIVE;
				CLANG_WARN_UNREACHABLE_CODE = YES;
				CLANG_WARN__DUPLICATE_METHOD_MATCH = YES;
				COPY_PHASE_STRIP = NO;
				DEBUG_INFORMATION_FORMAT = dwarf;
				ENABLE_STRICT_OBJC_MSGSEND = YES;
				ENABLE_TESTABILITY = YES;
				GCC_C_LANGUAGE_STANDARD = gnu11;
				GCC_DYNAMIC_NO_PIC = NO;
				GCC_NO_COMMON_BLOCKS = YES;
				GCC_OPTIMIZATION_LEVEL = 0;
				GCC_PREPROCESSOR_DEFINITIONS = (
					"DEBUG=1",
					"$(inherited)",
				);
				GCC_WARN_64_TO_32_BIT_CONVERSION = YES;
				GCC_WARN_ABOUT_RETURN_TYPE = YES_ERROR;
				GCC_WARN_UNDECLARED_SELECTOR = YES;
				GCC_WARN_UNINITIALIZED_AUTOS = YES_AGGRESSIVE;
				GCC_WARN_UNUSED_FUNCTION = YES;
				GCC_WARN_UNUSED_VARIABLE = YES;
				IPHONEOS_DEPLOYMENT_TARGET = 17.0;
				MTL_ENABLE_DEBUG_INFO = INCLUDE_SOURCE;
				MTL_FAST_MATH = YES;
				ONLY_ACTIVE_ARCH = YES;
				PRODUCT_NAME = "$(TARGET_NAME)";
				SWIFT_ACTIVE_COMPILATION_CONDITIONS = DEBUG;
				SWIFT_OPTIMIZATION_LEVEL = "-Onone";
				SWIFT_VERSION = 5.0;
			};
			name = Debug;
		};
		367DA7A2E14BE2BF9985EDE0 /* Debug */ = {
			isa = XCBuildConfiguration;
			buildSettings = {
				BUNDLE_LOADER = "$(TEST_HOST)";
				CLANG_ENABLE_OBJC_WEAK = NO;
				CODE_SIGN_STYLE = Automatic;
				GENERATE_INFOPLIST_FILE = YES;
				IPHONEOS_DEPLOYMENT_TARGET = 17.0;
				PRODUCT_BUNDLE_IDENTIFIER = de.klangradar.native.tests;
				SDKROOT = iphoneos;
				SWIFT_STRICT_CONCURRENCY = complete;
				SWIFT_VERSION = 6.0;
				TEST_HOST = "$(BUILT_PRODUCTS_DIR)/KlangradarNative.app/$(BUNDLE_EXECUTABLE_FOLDER_PATH)/KlangradarNative";
			};
			name = Debug;
		};
		7AC9A4541E1CCD1B3AA8D93C /* Debug */ = {
			isa = XCBuildConfiguration;
			buildSettings = {
				ASSETCATALOG_COMPILER_APPICON_NAME = AppIcon;
				ASSETCATALOG_COMPILER_GLOBAL_ACCENT_COLOR_NAME = AccentColor;
				CLANG_ENABLE_OBJC_WEAK = NO;
				CODE_SIGN_STYLE = Automatic;
				CURRENT_PROJECT_VERSION = 1;
				DEVELOPMENT_ASSET_PATHS = "";
				ENABLE_PREVIEWS = YES;
				GENERATE_INFOPLIST_FILE = YES;
				INFOPLIST_KEY_CFBundleDisplayName = Klangradar;
				INFOPLIST_KEY_LSApplicationCategoryType = "public.app-category.music";
				INFOPLIST_KEY_NSCameraUsageDescription = "Klangradar nutzt die Kamera, um ein Profilbild aufzunehmen.";
				INFOPLIST_KEY_NSFaceIDUsageDescription = "Klangradar nutzt Face ID, um deinen Account zu schützen.";
				INFOPLIST_KEY_NSLocationWhenInUseUsageDescription = "Klangradar nutzt deinen Standort, um Konzerte in deiner Nähe zu zeigen.";
				INFOPLIST_KEY_NSPhotoLibraryUsageDescription = "Klangradar nutzt deine Fotomediathek, um ein Profilbild auszuwählen.";
				INFOPLIST_KEY_UIApplicationSupportsIndirectInputEvents = YES;
				INFOPLIST_KEY_UILaunchScreen_Generation = YES;
				INFOPLIST_KEY_UISupportedInterfaceOrientations_iPad = "UIInterfaceOrientationPortrait UIInterfaceOrientationPortraitUpsideDown UIInterfaceOrientationLandscapeLeft UIInterfaceOrientationLandscapeRight";
				INFOPLIST_KEY_UISupportedInterfaceOrientations_iPhone = "UIInterfaceOrientationPortrait UIInterfaceOrientationLandscapeLeft UIInterfaceOrientationLandscapeRight";
				IPHONEOS_DEPLOYMENT_TARGET = 17.0;
				LD_RUNPATH_SEARCH_PATHS = "$(inherited) @executable_path/Frameworks";
				MARKETING_VERSION = 1.0;
				PRODUCT_BUNDLE_IDENTIFIER = de.klangradar.native;
				PRODUCT_NAME = "$(TARGET_NAME)";
				SDKROOT = iphoneos;
				SUPPORTED_PLATFORMS = "iphoneos iphonesimulator";
				SUPPORTS_MACCATALYST = NO;
				SWIFT_EMIT_LOC_STRINGS = YES;
				SWIFT_STRICT_CONCURRENCY = complete;
				SWIFT_VERSION = 6.0;
				TARGETED_DEVICE_FAMILY = "1,2";
			};
			name = Debug;
		};
		92ED9E2A25451F5E7BDA9E29 /* Release */ = {
			isa = XCBuildConfiguration;
			buildSettings = {
				ASSETCATALOG_COMPILER_APPICON_NAME = AppIcon;
				ASSETCATALOG_COMPILER_GLOBAL_ACCENT_COLOR_NAME = AccentColor;
				CLANG_ENABLE_OBJC_WEAK = NO;
				CODE_SIGN_STYLE = Automatic;
				CURRENT_PROJECT_VERSION = 1;
				DEVELOPMENT_ASSET_PATHS = "";
				ENABLE_PREVIEWS = YES;
				GENERATE_INFOPLIST_FILE = YES;
				INFOPLIST_KEY_CFBundleDisplayName = Klangradar;
				INFOPLIST_KEY_LSApplicationCategoryType = "public.app-category.music";
				INFOPLIST_KEY_NSCameraUsageDescription = "Klangradar nutzt die Kamera, um ein Profilbild aufzunehmen.";
				INFOPLIST_KEY_NSFaceIDUsageDescription = "Klangradar nutzt Face ID, um deinen Account zu schützen.";
				INFOPLIST_KEY_NSLocationWhenInUseUsageDescription = "Klangradar nutzt deinen Standort, um Konzerte in deiner Nähe zu zeigen.";
				INFOPLIST_KEY_NSPhotoLibraryUsageDescription = "Klangradar nutzt deine Fotomediathek, um ein Profilbild auszuwählen.";
				INFOPLIST_KEY_UIApplicationSupportsIndirectInputEvents = YES;
				INFOPLIST_KEY_UILaunchScreen_Generation = YES;
				INFOPLIST_KEY_UISupportedInterfaceOrientations_iPad = "UIInterfaceOrientationPortrait UIInterfaceOrientationPortraitUpsideDown UIInterfaceOrientationLandscapeLeft UIInterfaceOrientationLandscapeRight";
				INFOPLIST_KEY_UISupportedInterfaceOrientations_iPhone = "UIInterfaceOrientationPortrait UIInterfaceOrientationLandscapeLeft UIInterfaceOrientationLandscapeRight";
				IPHONEOS_DEPLOYMENT_TARGET = 17.0;
				LD_RUNPATH_SEARCH_PATHS = "$(inherited) @executable_path/Frameworks";
				MARKETING_VERSION = 1.0;
				PRODUCT_BUNDLE_IDENTIFIER = de.klangradar.native;
				PRODUCT_NAME = "$(TARGET_NAME)";
				SDKROOT = iphoneos;
				SUPPORTED_PLATFORMS = "iphoneos iphonesimulator";
				SUPPORTS_MACCATALYST = NO;
				SWIFT_EMIT_LOC_STRINGS = YES;
				SWIFT_STRICT_CONCURRENCY = complete;
				SWIFT_VERSION = 6.0;
				TARGETED_DEVICE_FAMILY = "1,2";
				VALIDATE_PRODUCT = YES;
			};
			name = Release;
		};
		A0A7A949158883250F856014 /* Release */ = {
			isa = XCBuildConfiguration;
			buildSettings = {
				BUNDLE_LOADER = "$(TEST_HOST)";
				CLANG_ENABLE_OBJC_WEAK = NO;
				CODE_SIGN_STYLE = Automatic;
				GENERATE_INFOPLIST_FILE = YES;
				IPHONEOS_DEPLOYMENT_TARGET = 17.0;
				PRODUCT_BUNDLE_IDENTIFIER = de.klangradar.native.tests;
				SDKROOT = iphoneos;
				SWIFT_STRICT_CONCURRENCY = complete;
				SWIFT_VERSION = 6.0;
				TEST_HOST = "$(BUILT_PRODUCTS_DIR)/KlangradarNative.app/$(BUNDLE_EXECUTABLE_FOLDER_PATH)/KlangradarNative";
				VALIDATE_PRODUCT = YES;
			};
			name = Release;
		};
		DC3331810B5A73C1AA6652B2 /* Release */ = {
			isa = XCBuildConfiguration;
			buildSettings = {
				ALWAYS_SEARCH_USER_PATHS = NO;
				CLANG_ANALYZER_NONNULL = YES;
				CLANG_ANALYZER_NUMBER_OBJECT_CONVERSION = YES_AGGRESSIVE;
				CLANG_CXX_LANGUAGE_STANDARD = "gnu++14";
				CLANG_CXX_LIBRARY = "libc++";
				CLANG_ENABLE_MODULES = YES;
				CLANG_ENABLE_OBJC_ARC = YES;
				CLANG_ENABLE_OBJC_WEAK = YES;
				CLANG_WARN_BLOCK_CAPTURE_AUTORELEASING = YES;
				CLANG_WARN_BOOL_CONVERSION = YES;
				CLANG_WARN_COMMA = YES;
				CLANG_WARN_CONSTANT_CONVERSION = YES;
				CLANG_WARN_DEPRECATED_OBJC_IMPLEMENTATIONS = YES;
				CLANG_WARN_DIRECT_OBJC_ISA_USAGE = YES_ERROR;
				CLANG_WARN_DOCUMENTATION_COMMENTS = YES;
				CLANG_WARN_EMPTY_BODY = YES;
				CLANG_WARN_ENUM_CONVERSION = YES;
				CLANG_WARN_INFINITE_RECURSION = YES;
				CLANG_WARN_INT_CONVERSION = YES;
				CLANG_WARN_NON_LITERAL_NULL_CONVERSION = YES;
				CLANG_WARN_OBJC_IMPLICIT_RETAIN_SELF = YES;
				CLANG_WARN_OBJC_LITERAL_CONVERSION = YES;
				CLANG_WARN_OBJC_ROOT_CLASS = YES_ERROR;
				CLANG_WARN_QUOTED_INCLUDE_IN_FRAMEWORK_HEADER = YES;
				CLANG_WARN_RANGE_LOOP_ANALYSIS = YES;
				CLANG_WARN_STRICT_PROTOTYPES = YES;
				CLANG_WARN_SUSPICIOUS_MOVE = YES;
				CLANG_WARN_UNGUARDED_AVAILABILITY = YES_AGGRESSIVE;
				CLANG_WARN_UNREACHABLE_CODE = YES;
				CLANG_WARN__DUPLICATE_METHOD_MATCH = YES;
				COPY_PHASE_STRIP = NO;
				DEBUG_INFORMATION_FORMAT = "dwarf-with-dsym";
				ENABLE_NS_ASSERTIONS = NO;
				ENABLE_STRICT_OBJC_MSGSEND = YES;
				GCC_C_LANGUAGE_STANDARD = gnu11;
				GCC_NO_COMMON_BLOCKS = YES;
				GCC_WARN_64_TO_32_BIT_CONVERSION = YES;
				GCC_WARN_ABOUT_RETURN_TYPE = YES_ERROR;
				GCC_WARN_UNDECLARED_SELECTOR = YES;
				GCC_WARN_UNINITIALIZED_AUTOS = YES_AGGRESSIVE;
				GCC_WARN_UNUSED_FUNCTION = YES;
				GCC_WARN_UNUSED_VARIABLE = YES;
				IPHONEOS_DEPLOYMENT_TARGET = 17.0;
				MTL_ENABLE_DEBUG_INFO = NO;
				MTL_FAST_MATH = YES;
				PRODUCT_NAME = "$(TARGET_NAME)";
				SWIFT_COMPILATION_MODE = wholemodule;
				SWIFT_OPTIMIZATION_LEVEL = "-O";
				SWIFT_VERSION = 5.0;
			};
			name = Release;
		};
/* End XCBuildConfiguration section */

/* Begin XCConfigurationList section */
		2C0EDA73E4FE71FC099BFCCB /* Build configuration list for PBXProject "KlangradarNative" */ = {
			isa = XCConfigurationList;
			buildConfigurations = (
				3348C6C29B8325D6578453C7 /* Debug */,
				DC3331810B5A73C1AA6652B2 /* Release */,
			);
			defaultConfigurationIsVisible = 0;
			defaultConfigurationName = Release;
		};
		823D99B7FA836858A4FAFDBA /* Build configuration list for PBXNativeTarget "KlangradarNativeTests" */ = {
			isa = XCConfigurationList;
			buildConfigurations = (
				A0A7A949158883250F856014 /* Release */,
				367DA7A2E14BE2BF9985EDE0 /* Debug */,
			);
			defaultConfigurationIsVisible = 0;
			defaultConfigurationName = Release;
		};
		D2ECEAAD3C5386DA49D0CAA3 /* Build configuration list for PBXNativeTarget "KlangradarNative" */ = {
			isa = XCConfigurationList;
			buildConfigurations = (
				92ED9E2A25451F5E7BDA9E29 /* Release */,
				7AC9A4541E1CCD1B3AA8D93C /* Debug */,
			);
			defaultConfigurationIsVisible = 0;
			defaultConfigurationName = Release;
		};
/* End XCConfigurationList section */
	};
	rootObject = 59C3ED3B4DBCEC48DBC8FE4E /* Project object */;
}
